// !$*UTF8*$!
{
	archiveVersion = 1;
	classes = {
	};
	objectVersion = 46;
	objects = {

/* Begin PBXBuildFile section */
		954FF742FC23473096D9093A /* libPods.a in Frameworks */ = {isa = PBXBuildFile; fileRef = 6A70AB13FF974C8F986D2C5F /* libPods.a */; };
		D3E8CC3AEAE444D7A5FF6C56 /* libPods-IVGResourcesTests.a in Frameworks */ = {isa = PBXBuildFile; fileRef = 8FBDB0B434C943E0B655FDE0 /* libPods-IVGResourcesTests.a */; };
		F8AE34BB16C4A554005A2965 /* IVGRSResourceSpec.m in Sources */ = {isa = PBXBuildFile; fileRef = F8AE34BA16C4A554005A2965 /* IVGRSResourceSpec.m */; };
		F8AE34BE16C4AA68005A2965 /* IVGRSUtils.m in Sources */ = {isa = PBXBuildFile; fileRef = F8AE34BD16C4AA68005A2965 /* IVGRSUtils.m */; };
		F8B3211116C4620B006E53CC /* Foundation.framework in Frameworks */ = {isa = PBXBuildFile; fileRef = F8B3211016C4620B006E53CC /* Foundation.framework */; };
		F8B3212016C4620B006E53CC /* SenTestingKit.framework in Frameworks */ = {isa = PBXBuildFile; fileRef = F8B3211F16C4620B006E53CC /* SenTestingKit.framework */; };
		F8B3212216C4620B006E53CC /* UIKit.framework in Frameworks */ = {isa = PBXBuildFile; fileRef = F8B3212116C4620B006E53CC /* UIKit.framework */; };
		F8B3212316C4620B006E53CC /* Foundation.framework in Frameworks */ = {isa = PBXBuildFile; fileRef = F8B3211016C4620B006E53CC /* Foundation.framework */; };
		F8B3212616C4620B006E53CC /* libIVGResources.a in Frameworks */ = {isa = PBXBuildFile; fileRef = F8B3210D16C4620B006E53CC /* libIVGResources.a */; };
		F8B3212C16C4620B006E53CC /* InfoPlist.strings in Resources */ = {isa = PBXBuildFile; fileRef = F8B3212A16C4620B006E53CC /* InfoPlist.strings */; };
		F8B3213D16C464E5006E53CC /* IVGRSConstants.m in Sources */ = {isa = PBXBuildFile; fileRef = F8B3213C16C464E5006E53CC /* IVGRSConstants.m */; };
		F8B3214316C4658F006E53CC /* IVGRSResource.m in Sources */ = {isa = PBXBuildFile; fileRef = F8B3214216C4658F006E53CC /* IVGRSResource.m */; };
		F8B3214816C46C1B006E53CC /* UIKit.framework in Frameworks */ = {isa = PBXBuildFile; fileRef = F8B3214716C46C1B006E53CC /* UIKit.framework */; };
		F8B3214A16C46C29006E53CC /* CoreGraphics.framework in Frameworks */ = {isa = PBXBuildFile; fileRef = F8B3214916C46C29006E53CC /* CoreGraphics.framework */; };
		F8B3214B16C46C42006E53CC /* CoreGraphics.framework in Frameworks */ = {isa = PBXBuildFile; fileRef = F8B3214916C46C29006E53CC /* CoreGraphics.framework */; };
		F8B3214C16C46C46006E53CC /* UIKit.framework in Frameworks */ = {isa = PBXBuildFile; fileRef = F8B3214716C46C1B006E53CC /* UIKit.framework */; };
/* End PBXBuildFile section */

/* Begin PBXContainerItemProxy section */
		F8B3212416C4620B006E53CC /* PBXContainerItemProxy */ = {
			isa = PBXContainerItemProxy;
			containerPortal = F8B3210516C4620B006E53CC /* Project object */;
			proxyType = 1;
			remoteGlobalIDString = F8B3210C16C4620B006E53CC;
			remoteInfo = IVGResources;
		};
/* End PBXContainerItemProxy section */

/* Begin PBXCopyFilesBuildPhase section */
		F8B3210B16C4620B006E53CC /* CopyFiles */ = {
			isa = PBXCopyFilesBuildPhase;
			buildActionMask = 2147483647;
			dstPath = "include/${PRODUCT_NAME}";
			dstSubfolderSpec = 16;
			files = (
			);
			runOnlyForDeploymentPostprocessing = 0;
		};
/* End PBXCopyFilesBuildPhase section */

/* Begin PBXFileReference section */
		6A70AB13FF974C8F986D2C5F /* libPods.a */ = {isa = PBXFileReference; explicitFileType = archive.ar; includeInIndex = 0; path = libPods.a; sourceTree = BUILT_PRODUCTS_DIR; };
		8FBDB0B434C943E0B655FDE0 /* libPods-IVGResourcesTests.a */ = {isa = PBXFileReference; explicitFileType = archive.ar; includeInIndex = 0; path = "libPods-IVGResourcesTests.a"; sourceTree = BUILT_PRODUCTS_DIR; };
		EA0644C24E2B4ED4B97643DB /* Pods-IVGResourcesTests.xcconfig */ = {isa = PBXFileReference; includeInIndex = 1; lastKnownFileType = text.xcconfig; name = "Pods-IVGResourcesTests.xcconfig"; path = "Pods/Pods-IVGResourcesTests.xcconfig"; sourceTree = SOURCE_ROOT; };
		F8218B83521D47EB8AD1D3C9 /* Pods.xcconfig */ = {isa = PBXFileReference; includeInIndex = 1; lastKnownFileType = text.xcconfig; name = Pods.xcconfig; path = Pods/Pods.xcconfig; sourceTree = SOURCE_ROOT; };
		F8AE34BA16C4A554005A2965 /* IVGRSResourceSpec.m */ = {isa = PBXFileReference; fileEncoding = 4; lastKnownFileType = sourcecode.c.objc; path = IVGRSResourceSpec.m; sourceTree = "<group>"; };
		F8AE34BC16C4AA68005A2965 /* IVGRSUtils.h */ = {isa = PBXFileReference; fileEncoding = 4; lastKnownFileType = sourcecode.c.h; path = IVGRSUtils.h; sourceTree = "<group>"; };
		F8AE34BD16C4AA68005A2965 /* IVGRSUtils.m */ = {isa = PBXFileReference; fileEncoding = 4; lastKnownFileType = sourcecode.c.objc; path = IVGRSUtils.m; sourceTree = "<group>"; };
		F8B3210D16C4620B006E53CC /* libIVGResources.a */ = {isa = PBXFileReference; explicitFileType = archive.ar; includeInIndex = 0; path = libIVGResources.a; sourceTree = BUILT_PRODUCTS_DIR; };
		F8B3211016C4620B006E53CC /* Foundation.framework */ = {isa = PBXFileReference; lastKnownFileType = wrapper.framework; name = Foundation.framework; path = System/Library/Frameworks/Foundation.framework; sourceTree = SDKROOT; };
		F8B3211416C4620B006E53CC /* IVGResources-Prefix.pch */ = {isa = PBXFileReference; lastKnownFileType = sourcecode.c.h; path = "IVGResources-Prefix.pch"; sourceTree = "<group>"; };
		F8B3211E16C4620B006E53CC /* IVGResourcesTests.octest */ = {isa = PBXFileReference; explicitFileType = wrapper.cfbundle; includeInIndex = 0; path = IVGResourcesTests.octest; sourceTree = BUILT_PRODUCTS_DIR; };
		F8B3211F16C4620B006E53CC /* SenTestingKit.framework */ = {isa = PBXFileReference; lastKnownFileType = wrapper.framework; name = SenTestingKit.framework; path = Library/Frameworks/SenTestingKit.framework; sourceTree = DEVELOPER_DIR; };
		F8B3212116C4620B006E53CC /* UIKit.framework */ = {isa = PBXFileReference; lastKnownFileType = wrapper.framework; name = UIKit.framework; path = Library/Frameworks/UIKit.framework; sourceTree = DEVELOPER_DIR; };
		F8B3212916C4620B006E53CC /* IVGResourcesTests-Info.plist */ = {isa = PBXFileReference; lastKnownFileType = text.plist.xml; path = "IVGResourcesTests-Info.plist"; sourceTree = "<group>"; };
		F8B3212B16C4620B006E53CC /* en */ = {isa = PBXFileReference; lastKnownFileType = text.plist.strings; name = en; path = en.lproj/InfoPlist.strings; sourceTree = "<group>"; };
		F8B3213B16C464E5006E53CC /* IVGRSConstants.h */ = {isa = PBXFileReference; fileEncoding = 4; lastKnownFileType = sourcecode.c.h; path = IVGRSConstants.h; sourceTree = "<group>"; };
		F8B3213C16C464E5006E53CC /* IVGRSConstants.m */ = {isa = PBXFileReference; fileEncoding = 4; lastKnownFileType = sourcecode.c.objc; path = IVGRSConstants.m; sourceTree = "<group>"; };
		F8B3214116C4658F006E53CC /* IVGRSResource.h */ = {isa = PBXFileReference; fileEncoding = 4; lastKnownFileType = sourcecode.c.h; path = IVGRSResource.h; sourceTree = "<group>"; };
		F8B3214216C4658F006E53CC /* IVGRSResource.m */ = {isa = PBXFileReference; fileEncoding = 4; lastKnownFileType = sourcecode.c.objc; path = IVGRSResource.m; sourceTree = "<group>"; };
		F8B3214716C46C1B006E53CC /* UIKit.framework */ = {isa = PBXFileReference; lastKnownFileType = wrapper.framework; name = UIKit.framework; path = System/Library/Frameworks/UIKit.framework; sourceTree = SDKROOT; };
		F8B3214916C46C29006E53CC /* CoreGraphics.framework */ = {isa = PBXFileReference; lastKnownFileType = wrapper.framework; name = CoreGraphics.framework; path = System/Library/Frameworks/CoreGraphics.framework; sourceTree = SDKROOT; };
/* End PBXFileReference section */

/* Begin PBXFrameworksBuildPhase section */
		F8B3210A16C4620B006E53CC /* Frameworks */ = {
			isa = PBXFrameworksBuildPhase;
			buildActionMask = 2147483647;
			files = (
				F8B3214A16C46C29006E53CC /* CoreGraphics.framework in Frameworks */,
				F8B3214816C46C1B006E53CC /* UIKit.framework in Frameworks */,
				F8B3211116C4620B006E53CC /* Foundation.framework in Frameworks */,
				954FF742FC23473096D9093A /* libPods.a in Frameworks */,
			);
			runOnlyForDeploymentPostprocessing = 0;
		};
		F8B3211A16C4620B006E53CC /* Frameworks */ = {
			isa = PBXFrameworksBuildPhase;
			buildActionMask = 2147483647;
			files = (
				F8B3212016C4620B006E53CC /* SenTestingKit.framework in Frameworks */,
				F8B3212216C4620B006E53CC /* UIKit.framework in Frameworks */,
				F8B3212316C4620B006E53CC /* Foundation.framework in Frameworks */,
				F8B3212616C4620B006E53CC /* libIVGResources.a in Frameworks */,
				D3E8CC3AEAE444D7A5FF6C56 /* libPods-IVGResourcesTests.a in Frameworks */,
				F8B3214B16C46C42006E53CC /* CoreGraphics.framework in Frameworks */,
				F8B3214C16C46C46006E53CC /* UIKit.framework in Frameworks */,
			);
			runOnlyForDeploymentPostprocessing = 0;
		};
/* End PBXFrameworksBuildPhase section */

/* Begin PBXGroup section */
		F8B3210416C4620B006E53CC = {
			isa = PBXGroup;
			children = (
				F8B3211216C4620B006E53CC /* IVGResources */,
				F8B3212716C4620B006E53CC /* IVGResourcesTests */,
				F8B3210F16C4620B006E53CC /* Frameworks */,
				F8B3210E16C4620B006E53CC /* Products */,
				EA0644C24E2B4ED4B97643DB /* Pods-IVGResourcesTests.xcconfig */,
				F8218B83521D47EB8AD1D3C9 /* Pods.xcconfig */,
			);
			sourceTree = "<group>";
		};
		F8B3210E16C4620B006E53CC /* Products */ = {
			isa = PBXGroup;
			children = (
				F8B3210D16C4620B006E53CC /* libIVGResources.a */,
				F8B3211E16C4620B006E53CC /* IVGResourcesTests.octest */,
			);
			name = Products;
			sourceTree = "<group>";
		};
		F8B3210F16C4620B006E53CC /* Frameworks */ = {
			isa = PBXGroup;
			children = (
				F8B3214916C46C29006E53CC /* CoreGraphics.framework */,
				F8B3214716C46C1B006E53CC /* UIKit.framework */,
				F8B3211016C4620B006E53CC /* Foundation.framework */,
				F8B3211F16C4620B006E53CC /* SenTestingKit.framework */,
				F8B3212116C4620B006E53CC /* UIKit.framework */,
				8FBDB0B434C943E0B655FDE0 /* libPods-IVGResourcesTests.a */,
				6A70AB13FF974C8F986D2C5F /* libPods.a */,
			);
			name = Frameworks;
			sourceTree = "<group>";
		};
		F8B3211216C4620B006E53CC /* IVGResources */ = {
			isa = PBXGroup;
			children = (
				F8B3213B16C464E5006E53CC /* IVGRSConstants.h */,
				F8B3213C16C464E5006E53CC /* IVGRSConstants.m */,
				F8AE34BC16C4AA68005A2965 /* IVGRSUtils.h */,
				F8AE34BD16C4AA68005A2965 /* IVGRSUtils.m */,
				F8B3214116C4658F006E53CC /* IVGRSResource.h */,
				F8B3214216C4658F006E53CC /* IVGRSResource.m */,
				F8B3211316C4620B006E53CC /* Supporting Files */,
			);
			path = IVGResources;
			sourceTree = "<group>";
		};
		F8B3211316C4620B006E53CC /* Supporting Files */ = {
			isa = PBXGroup;
			children = (
				F8B3211416C4620B006E53CC /* IVGResources-Prefix.pch */,
			);
			name = "Supporting Files";
			sourceTree = "<group>";
		};
		F8B3212716C4620B006E53CC /* IVGResourcesTests */ = {
			isa = PBXGroup;
			children = (
				F8AE34BA16C4A554005A2965 /* IVGRSResourceSpec.m */,
				F8B3212816C4620B006E53CC /* Supporting Files */,
			);
			path = IVGResourcesTests;
			sourceTree = "<group>";
		};
		F8B3212816C4620B006E53CC /* Supporting Files */ = {
			isa = PBXGroup;
			children = (
				F8B3212916C4620B006E53CC /* IVGResourcesTests-Info.plist */,
				F8B3212A16C4620B006E53CC /* InfoPlist.strings */,
			);
			name = "Supporting Files";
			sourceTree = "<group>";
		};
/* End PBXGroup section */

/* Begin PBXNativeTarget section */
		F8B3210C16C4620B006E53CC /* IVGResources */ = {
			isa = PBXNativeTarget;
			buildConfigurationList = F8B3213216C4620B006E53CC /* Build configuration list for PBXNativeTarget "IVGResources" */;
			buildPhases = (
				F8B3210916C4620B006E53CC /* Sources */,
				F8B3210A16C4620B006E53CC /* Frameworks */,
				F8B3210B16C4620B006E53CC /* CopyFiles */,
				2848CF44AB93466592599B66 /* Copy Pods Resources */,
			);
			buildRules = (
			);
			dependencies = (
			);
			name = IVGResources;
			productName = IVGResources;
			productReference = F8B3210D16C4620B006E53CC /* libIVGResources.a */;
			productType = "com.apple.product-type.library.static";
		};
		F8B3211D16C4620B006E53CC /* IVGResourcesTests */ = {
			isa = PBXNativeTarget;
			buildConfigurationList = F8B3213516C4620B006E53CC /* Build configuration list for PBXNativeTarget "IVGResourcesTests" */;
			buildPhases = (
				F8B3211916C4620B006E53CC /* Sources */,
				F8B3211A16C4620B006E53CC /* Frameworks */,
				F8B3211B16C4620B006E53CC /* Resources */,
				F8B3211C16C4620B006E53CC /* ShellScript */,
				0A680D40A639415BBE629173 /* Copy Pods Resources */,
			);
			buildRules = (
			);
			dependencies = (
				F8B3212516C4620B006E53CC /* PBXTargetDependency */,
			);
			name = IVGResourcesTests;
			productName = IVGResourcesTests;
			productReference = F8B3211E16C4620B006E53CC /* IVGResourcesTests.octest */;
			productType = "com.apple.product-type.bundle";
		};
/* End PBXNativeTarget section */

/* Begin PBXProject section */
		F8B3210516C4620B006E53CC /* Project object */ = {
			isa = PBXProject;
			attributes = {
				LastUpgradeCheck = 0460;
				ORGANIZATIONNAME = "Ivy Gulch, LLC";
			};
			buildConfigurationList = F8B3210816C4620B006E53CC /* Build configuration list for PBXProject "IVGResources" */;
			compatibilityVersion = "Xcode 3.2";
			developmentRegion = English;
			hasScannedForEncodings = 0;
			knownRegions = (
				en,
			);
			mainGroup = F8B3210416C4620B006E53CC;
			productRefGroup = F8B3210E16C4620B006E53CC /* Products */;
			projectDirPath = "";
			projectRoot = "";
			targets = (
				F8B3210C16C4620B006E53CC /* IVGResources */,
				F8B3211D16C4620B006E53CC /* IVGResourcesTests */,
			);
		};
/* End PBXProject section */

/* Begin PBXResourcesBuildPhase section */
		F8B3211B16C4620B006E53CC /* Resources */ = {
			isa = PBXResourcesBuildPhase;
			buildActionMask = 2147483647;
			files = (
				F8B3212C16C4620B006E53CC /* InfoPlist.strings in Resources */,
			);
			runOnlyForDeploymentPostprocessing = 0;
		};
/* End PBXResourcesBuildPhase section */

/* Begin PBXShellScriptBuildPhase section */
		0A680D40A639415BBE629173 /* Copy Pods Resources */ = {
			isa = PBXShellScriptBuildPhase;
			buildActionMask = 2147483647;
			files = (
			);
			inputPaths = (
			);
			name = "Copy Pods Resources";
			outputPaths = (
			);
			runOnlyForDeploymentPostprocessing = 0;
			shellPath = /bin/sh;
			shellScript = "\"${SRCROOT}/Pods/Pods-IVGResourcesTests-resources.sh\"\n";
		};
		2848CF44AB93466592599B66 /* Copy Pods Resources */ = {
			isa = PBXShellScriptBuildPhase;
			buildActionMask = 2147483647;
			files = (
			);
			inputPaths = (
			);
			name = "Copy Pods Resources";
			outputPaths = (
			);
			runOnlyForDeploymentPostprocessing = 0;
			shellPath = /bin/sh;
			shellScript = "\"${SRCROOT}/Pods/Pods-resources.sh\"\n";
		};
		F8B3211C16C4620B006E53CC /* ShellScript */ = {
			isa = PBXShellScriptBuildPhase;
			buildActionMask = 2147483647;
			files = (
			);
			inputPaths = (
			);
			outputPaths = (
			);
			runOnlyForDeploymentPostprocessing = 0;
			shellPath = /bin/sh;
			shellScript = "# Run the unit tests in this test bundle.\n\"${SYSTEM_DEVELOPER_DIR}/Tools/RunUnitTests\"\n";
		};
/* End PBXShellScriptBuildPhase section */

/* Begin PBXSourcesBuildPhase section */
		F8B3210916C4620B006E53CC /* Sources */ = {
			isa = PBXSourcesBuildPhase;
			buildActionMask = 2147483647;
			files = (
				F8B3213D16C464E5006E53CC /* IVGRSConstants.m in Sources */,
				F8B3214316C4658F006E53CC /* IVGRSResource.m in Sources */,
				F8AE34BE16C4AA68005A2965 /* IVGRSUtils.m in Sources */,
			);
			runOnlyForDeploymentPostprocessing = 0;
		};
		F8B3211916C4620B006E53CC /* Sources */ = {
			isa = PBXSourcesBuildPhase;
			buildActionMask = 2147483647;
			files = (
				F8AE34BB16C4A554005A2965 /* IVGRSResourceSpec.m in Sources */,
			);
			runOnlyForDeploymentPostprocessing = 0;
		};
/* End PBXSourcesBuildPhase section */

/* Begin PBXTargetDependency section */
		F8B3212516C4620B006E53CC /* PBXTargetDependency */ = {
			isa = PBXTargetDependency;
			target = F8B3210C16C4620B006E53CC /* IVGResources */;
			targetProxy = F8B3212416C4620B006E53CC /* PBXContainerItemProxy */;
		};
/* End PBXTargetDependency section */

/* Begin PBXVariantGroup section */
		F8B3212A16C4620B006E53CC /* InfoPlist.strings */ = {
			isa = PBXVariantGroup;
			children = (
				F8B3212B16C4620B006E53CC /* en */,
			);
			name = InfoPlist.strings;
			sourceTree = "<group>";
		};
/* End PBXVariantGroup section */

/* Begin XCBuildConfiguration section */
		F8B3213016C4620B006E53CC /* Debug */ = {
			isa = XCBuildConfiguration;
			buildSettings = {
				ALWAYS_SEARCH_USER_PATHS = NO;
				CLANG_CXX_LANGUAGE_STANDARD = "gnu++0x";
				CLANG_CXX_LIBRARY = "libc++";
				CLANG_ENABLE_OBJC_ARC = YES;
				CLANG_WARN_CONSTANT_CONVERSION = YES;
				CLANG_WARN_EMPTY_BODY = YES;
				CLANG_WARN_ENUM_CONVERSION = YES;
				CLANG_WARN_INT_CONVERSION = YES;
				CLANG_WARN__DUPLICATE_METHOD_MATCH = YES;
				COPY_PHASE_STRIP = NO;
				GCC_C_LANGUAGE_STANDARD = gnu99;
				GCC_DYNAMIC_NO_PIC = NO;
				GCC_OPTIMIZATION_LEVEL = 0;
				GCC_PREPROCESSOR_DEFINITIONS = (
					"DEBUG=1",
					"$(inherited)",
				);
				GCC_SYMBOLS_PRIVATE_EXTERN = NO;
				GCC_WARN_ABOUT_RETURN_TYPE = YES;
				GCC_WARN_UNINITIALIZED_AUTOS = YES;
				GCC_WARN_UNUSED_VARIABLE = YES;
				IPHONEOS_DEPLOYMENT_TARGET = 6.1;
				ONLY_ACTIVE_ARCH = YES;
				SDKROOT = iphoneos;
			};
			name = Debug;
		};
		F8B3213116C4620B006E53CC /* Release */ = {
			isa = XCBuildConfiguration;
			buildSettings = {
				ALWAYS_SEARCH_USER_PATHS = NO;
				CLANG_CXX_LANGUAGE_STANDARD = "gnu++0x";
				CLANG_CXX_LIBRARY = "libc++";
				CLANG_ENABLE_OBJC_ARC = YES;
				CLANG_WARN_CONSTANT_CONVERSION = YES;
				CLANG_WARN_EMPTY_BODY = YES;
				CLANG_WARN_ENUM_CONVERSION = YES;
				CLANG_WARN_INT_CONVERSION = YES;
				CLANG_WARN__DUPLICATE_METHOD_MATCH = YES;
				COPY_PHASE_STRIP = YES;
				GCC_C_LANGUAGE_STANDARD = gnu99;
				GCC_WARN_ABOUT_RETURN_TYPE = YES;
				GCC_WARN_UNINITIALIZED_AUTOS = YES;
				GCC_WARN_UNUSED_VARIABLE = YES;
				IPHONEOS_DEPLOYMENT_TARGET = 6.1;
				SDKROOT = iphoneos;
				VALIDATE_PRODUCT = YES;
			};
			name = Release;
		};
		F8B3213316C4620B006E53CC /* Debug */ = {
			isa = XCBuildConfiguration;
			baseConfigurationReference = F8218B83521D47EB8AD1D3C9 /* Pods.xcconfig */;
			buildSettings = {
				DSTROOT = /tmp/IVGResources.dst;
				GCC_PRECOMPILE_PREFIX_HEADER = YES;
				GCC_PREFIX_HEADER = "IVGResources/IVGResources-Prefix.pch";
				PRODUCT_NAME = "$(TARGET_NAME)";
				SKIP_INSTALL = YES;
			};
			name = Debug;
		};
		F8B3213416C4620B006E53CC /* Release */ = {
			isa = XCBuildConfiguration;
			baseConfigurationReference = F8218B83521D47EB8AD1D3C9 /* Pods.xcconfig */;
			buildSettings = {
				DSTROOT = /tmp/IVGResources.dst;
				GCC_PRECOMPILE_PREFIX_HEADER = YES;
				GCC_PREFIX_HEADER = "IVGResources/IVGResources-Prefix.pch";
				PRODUCT_NAME = "$(TARGET_NAME)";
				SKIP_INSTALL = YES;
			};
			name = Release;
		};
		F8B3213616C4620B006E53CC /* Debug */ = {
			isa = XCBuildConfiguration;
			baseConfigurationReference = EA0644C24E2B4ED4B97643DB /* Pods-IVGResourcesTests.xcconfig */;
			buildSettings = {
				GCC_PRECOMPILE_PREFIX_HEADER = YES;
				GCC_PREFIX_HEADER = "IVGResources/IVGResources-Prefix.pch";
				INFOPLIST_FILE = "IVGResourcesTests/IVGResourcesTests-Info.plist";
				PRODUCT_NAME = "$(TARGET_NAME)";
				WRAPPER_EXTENSION = octest;
			};
			name = Debug;
		};
		F8B3213716C4620B006E53CC /* Release */ = {
			isa = XCBuildConfiguration;
			baseConfigurationReference = EA0644C24E2B4ED4B97643DB /* Pods-IVGResourcesTests.xcconfig */;
			buildSettings = {
				GCC_PRECOMPILE_PREFIX_HEADER = YES;
				GCC_PREFIX_HEADER = "IVGResources/IVGResources-Prefix.pch";
				INFOPLIST_FILE = "IVGResourcesTests/IVGResourcesTests-Info.plist";
				PRODUCT_NAME = "$(TARGET_NAME)";
				WRAPPER_EXTENSION = octest;
			};
			name = Release;
		};
/* End XCBuildConfiguration section */

/* Begin XCConfigurationList section */
		F8B3210816C4620B006E53CC /* Build configuration list for PBXProject "IVGResources" */ = {
			isa = XCConfigurationList;
			buildConfigurations = (
				F8B3213016C4620B006E53CC /* Debug */,
				F8B3213116C4620B006E53CC /* Release */,
			);
			defaultConfigurationIsVisible = 0;
			defaultConfigurationName = Release;
		};
		F8B3213216C4620B006E53CC /* Build configuration list for PBXNativeTarget "IVGResources" */ = {
			isa = XCConfigurationList;
			buildConfigurations = (
				F8B3213316C4620B006E53CC /* Debug */,
				F8B3213416C4620B006E53CC /* Release */,
			);
			defaultConfigurationIsVisible = 0;
			defaultConfigurationName = Release;
		};
		F8B3213516C4620B006E53CC /* Build configuration list for PBXNativeTarget "IVGResourcesTests" */ = {
			isa = XCConfigurationList;
			buildConfigurations = (
				F8B3213616C4620B006E53CC /* Debug */,
				F8B3213716C4620B006E53CC /* Release */,
			);
			defaultConfigurationIsVisible = 0;
			defaultConfigurationName = Release;
		};
/* End XCConfigurationList section */
	};
	rootObject = F8B3210516C4620B006E53CC /* Project object */;
}
